{
  "name": "store-project",
  "version": "1.0.0",
  "lockfileVersion": 1,
  "requires": true,
  "dependencies": {
    "@fastify/ajv-compiler": {
      "version": "1.1.0",
      "resolved": "https://registry.npmjs.org/@fastify/ajv-compiler/-/ajv-compiler-1.1.0.tgz",
      "integrity": "sha512-gvCOUNpXsWrIQ3A4aXCLIdblL0tDq42BG/2Xw7oxbil9h11uow10ztS2GuFazNBfjbrsZ5nl+nPl5jDSjj5TSg==",
      "requires": {
        "ajv": "^6.12.6"
      }
    },
    "@types/debug": {
      "version": "4.1.7",
      "resolved": "https://registry.npmjs.org/@types/debug/-/debug-4.1.7.tgz",
      "integrity": "sha512-9AonUzyTjXXhEOa0DnqpzZi6VHlqKMswga9EXjpXnnqxwLtdvPPtlO8evrI5D9S6asFRCQ6v+wpiUKbw+vKqyg==",
      "requires": {
        "@types/ms": "*"
      }
    },
    "@types/ms": {
      "version": "0.7.31",
      "resolved": "https://registry.npmjs.org/@types/ms/-/ms-0.7.31.tgz",
      "integrity": "sha512-iiUgKzV9AuaEkZqkOLDIvlQiL6ltuZd9tGcW3gwpnX8JbuiuhFlEGmmFXEXkN50Cvq7Os88IY2v0dkDqXYWVgA=="
    },
    "@types/node": {
      "version": "16.11.10",
      "resolved": "https://registry.npmjs.org/@types/node/-/node-16.11.10.tgz",
      "integrity": "sha512-3aRnHa1KlOEEhJ6+CvyHKK5vE9BcLGjtUpwvqYLRvYNQKMfabu3BwfJaA/SLW8dxe28LsNDjtHwePTuzn3gmOA=="
    },
    "abstract-logging": {
      "version": "2.0.1",
      "resolved": "https://registry.npmjs.org/abstract-logging/-/abstract-logging-2.0.1.tgz",
      "integrity": "sha512-2BjRTZxTPvheOvGbBslFSYOUkr+SjPtOnrLP33f+VIWLzezQpZcqVg7ja3L4dBXmzzgwT+a029jRx5PCi3JuiA=="
    },
    "ajv": {
      "version": "6.12.6",
      "resolved": "https://registry.npmjs.org/ajv/-/ajv-6.12.6.tgz",
      "integrity": "sha512-j3fVLgvTo527anyYyJOGTYJbG+vnnQYvE0m5mmkc1TK+nxAppkCLMIL0aZ4dblVCNoGShhm+kzE4ZUykBoMg4g==",
      "requires": {
        "fast-deep-equal": "^3.1.1",
        "fast-json-stable-stringify": "^2.0.0",
        "json-schema-traverse": "^0.4.1",
        "uri-js": "^4.2.2"
      }
    },
    "any-promise": {
      "version": "1.3.0",
      "resolved": "https://registry.npmjs.org/any-promise/-/any-promise-1.3.0.tgz",
      "integrity": "sha1-q8av7tzqUugJzcA3au0845Y10X8="
    },
    "archy": {
      "version": "1.0.0",
      "resolved": "https://registry.npmjs.org/archy/-/archy-1.0.0.tgz",
      "integrity": "sha1-+cjBN1fMHde8N5rHeyxipcKGjEA="
    },
    "atomic-sleep": {
      "version": "1.0.0",
      "resolved": "https://registry.npmjs.org/atomic-sleep/-/atomic-sleep-1.0.0.tgz",
      "integrity": "sha512-kNOjDqAh7px0XWNI+4QbzoiR/nTkHAWNud2uvnJquD1/x5a7EQZMJT0AczqK0Qn67oY/TTQ1LbUKajZpp3I9tQ=="
    },
    "avvio": {
      "version": "7.2.2",
      "resolved": "https://registry.npmjs.org/avvio/-/avvio-7.2.2.tgz",
      "integrity": "sha512-XW2CMCmZaCmCCsIaJaLKxAzPwF37fXi1KGxNOvedOpeisLdmxZnblGc3hpHWYnlP+KOUxZsazh43WXNHgXpbqw==",
      "requires": {
        "archy": "^1.0.0",
        "debug": "^4.0.0",
        "fastq": "^1.6.1",
        "queue-microtask": "^1.1.2"
      }
    },
    "buffer-writer": {
      "version": "2.0.0",
      "resolved": "https://registry.npmjs.org/buffer-writer/-/buffer-writer-2.0.0.tgz",
      "integrity": "sha512-a7ZpuTZU1TRtnwyCNW3I5dc0wWNC3VR9S++Ewyk2HHZdrO3CQJqSpd+95Us590V6AL7JqUAH2IwZ/398PmNFgw=="
    },
    "cookie": {
      "version": "0.4.1",
      "resolved": "https://registry.npmjs.org/cookie/-/cookie-0.4.1.tgz",
      "integrity": "sha512-ZwrFkGJxUR3EIoXtO+yVE69Eb7KlixbaeAWfBQB9vVsNn/o+Yw69gBWSSDK825hQNdN+wF8zELf3dFNl/kxkUA=="
    },
    "debug": {
      "version": "4.3.3",
      "resolved": "https://registry.npmjs.org/debug/-/debug-4.3.3.tgz",
      "integrity": "sha512-/zxw5+vh1Tfv+4Qn7a5nsbcJKPaSvCDhojn6FEl9vupwK2VCSDtEiEtqr8DFtzYFOdz63LBkxec7DYuc2jon6Q==",
      "requires": {
        "ms": "2.1.2"
      }
    },
    "deepmerge": {
      "version": "4.2.2",
      "resolved": "https://registry.npmjs.org/deepmerge/-/deepmerge-4.2.2.tgz",
      "integrity": "sha512-FJ3UgI4gIl+PHZm53knsuSFpE+nESMr7M4v9QcgB7S63Kj/6WqMiFQJpBBYz1Pt+66bZpP3Q7Lye0Oo9MPKEdg=="
    },
    "dottie": {
      "version": "2.0.2",
      "resolved": "https://registry.npmjs.org/dottie/-/dottie-2.0.2.tgz",
      "integrity": "sha512-fmrwR04lsniq/uSr8yikThDTrM7epXHBAAjH9TbeH3rEA8tdCO7mRzB9hdmdGyJCxF8KERo9CITcm3kGuoyMhg=="
    },
    "fast-decode-uri-component": {
      "version": "1.0.1",
      "resolved": "https://registry.npmjs.org/fast-decode-uri-component/-/fast-decode-uri-component-1.0.1.tgz",
      "integrity": "sha512-WKgKWg5eUxvRZGwW8FvfbaH7AXSh2cL+3j5fMGzUMCxWBJ3dV3a7Wz8y2f/uQ0e3B6WmodD3oS54jTQ9HVTIIg=="
    },
    "fast-deep-equal": {
      "version": "3.1.3",
      "resolved": "https://registry.npmjs.org/fast-deep-equal/-/fast-deep-equal-3.1.3.tgz",
      "integrity": "sha512-f3qQ9oQy9j2AhBe/H9VC91wLmKBCCU/gDOnKNAYG5hswO7BLKj09Hc5HYNz9cGI++xlpDCIgDaitVs03ATR84Q=="
    },
    "fast-json-stable-stringify": {
      "version": "2.1.0",
      "resolved": "https://registry.npmjs.org/fast-json-stable-stringify/-/fast-json-stable-stringify-2.1.0.tgz",
      "integrity": "sha512-lhd/wF+Lk98HZoTCtlVraHtfh5XYijIjalXck7saUtuanSDyLMxnHhSXEDJqHxD7msR8D0uCmqlkwjCV8xvwHw=="
    },
    "fast-json-stringify": {
      "version": "2.7.12",
      "resolved": "https://registry.npmjs.org/fast-json-stringify/-/fast-json-stringify-2.7.12.tgz",
      "integrity": "sha512-4hjwZDPmgj/ZUKXhEWovGPciE/5mWtAIQQxN+2VBDFun7DRTk2oOItbu9ZZp6kqj+eZ/u7z+dgBgM74cfGRnBQ==",
      "requires": {
        "ajv": "^6.11.0",
        "deepmerge": "^4.2.2",
        "rfdc": "^1.2.0",
        "string-similarity": "^4.0.1"
      }
    },
    "fast-redact": {
      "version": "3.0.2",
      "resolved": "https://registry.npmjs.org/fast-redact/-/fast-redact-3.0.2.tgz",
      "integrity": "sha512-YN+CYfCVRVMUZOUPeinHNKgytM1wPI/C/UCLEi56EsY2dwwvI00kIJHJoI7pMVqGoMew8SMZ2SSfHKHULHXDsg=="
    },
    "fast-safe-stringify": {
      "version": "2.1.1",
      "resolved": "https://registry.npmjs.org/fast-safe-stringify/-/fast-safe-stringify-2.1.1.tgz",
      "integrity": "sha512-W+KJc2dmILlPplD/H4K9l9LcAHAfPtP6BY84uVLXQ6Evcz9Lcg33Y2z1IVblT6xdY54PXYVHEv+0Wpq8Io6zkA=="
    },
    "fastify": {
      "version": "3.24.1",
      "resolved": "https://registry.npmjs.org/fastify/-/fastify-3.24.1.tgz",
      "integrity": "sha512-ZL0V6u37d65tAY8lMwVMFtFvnEeJcG80QBNSdChqCm4i4x+is/38OU14gzJuRXhpenTL+pTJzNcu5Kn1ouzM3Q==",
      "requires": {
        "@fastify/ajv-compiler": "^1.0.0",
        "abstract-logging": "^2.0.0",
        "avvio": "^7.1.2",
        "fast-json-stringify": "^2.5.2",
        "fastify-error": "^0.3.0",
        "fastify-warning": "^0.2.0",
        "find-my-way": "^4.1.0",
        "flatstr": "^1.0.12",
        "light-my-request": "^4.2.0",
        "pino": "^6.13.0",
        "proxy-addr": "^2.0.7",
        "rfdc": "^1.1.4",
        "secure-json-parse": "^2.0.0",
        "semver": "^7.3.2",
        "tiny-lru": "^7.0.0"
      }
    },
    "fastify-error": {
      "version": "0.3.1",
      "resolved": "https://registry.npmjs.org/fastify-error/-/fastify-error-0.3.1.tgz",
      "integrity": "sha512-oCfpcsDndgnDVgiI7bwFKAun2dO+4h84vBlkWsWnz/OUK9Reff5UFoFl241xTiLeHWX/vU9zkDVXqYUxjOwHcQ=="
    },
    "fastify-warning": {
      "version": "0.2.0",
      "resolved": "https://registry.npmjs.org/fastify-warning/-/fastify-warning-0.2.0.tgz",
      "integrity": "sha512-s1EQguBw/9qtc1p/WTY4eq9WMRIACkj+HTcOIK1in4MV5aFaQC9ZCIt0dJ7pr5bIf4lPpHvAtP2ywpTNgs7hqw=="
    },
    "fastq": {
      "version": "1.13.0",
      "resolved": "https://registry.npmjs.org/fastq/-/fastq-1.13.0.tgz",
      "integrity": "sha512-YpkpUnK8od0o1hmeSc7UUs/eB/vIPWJYjKck2QKIzAf71Vm1AAQ3EbuZB3g2JIy+pg+ERD0vqI79KyZiB2e2Nw==",
      "requires": {
        "reusify": "^1.0.4"
      }
    },
    "find-my-way": {
      "version": "4.4.0",
      "resolved": "https://registry.npmjs.org/find-my-way/-/find-my-way-4.4.0.tgz",
      "integrity": "sha512-hpntHvK0iOHp3pqWRRUEzioar4tp8euBD8DkPG3VauOriZLgwGZLTNp6yZSrdctJ8RCDS7zhZSR2V+yOaBbNow==",
      "requires": {
        "fast-decode-uri-component": "^1.0.1",
        "fast-deep-equal": "^3.1.3",
        "safe-regex2": "^2.0.0",
        "semver-store": "^0.3.0"
      }
    },
    "flatstr": {
      "version": "1.0.12",
      "resolved": "https://registry.npmjs.org/flatstr/-/flatstr-1.0.12.tgz",
      "integrity": "sha512-4zPxDyhCyiN2wIAtSLI6gc82/EjqZc1onI4Mz/l0pWrAlsSfYH/2ZIcU+e3oA2wDwbzIWNKwa23F8rh6+DRWkw=="
    },
    "forwarded": {
      "version": "0.2.0",
      "resolved": "https://registry.npmjs.org/forwarded/-/forwarded-0.2.0.tgz",
      "integrity": "sha512-buRG0fpBtRHSTCOASe6hD258tEubFoRLb4ZNA6NxMVHNw2gOcwHo9wyablzMzOA5z9xA9L1KNjk/Nt6MT9aYow=="
    },
    "inflection": {
      "version": "1.13.1",
      "resolved": "https://registry.npmjs.org/inflection/-/inflection-1.13.1.tgz",
      "integrity": "sha512-dldYtl2WlN0QDkIDtg8+xFwOS2Tbmp12t1cHa5/YClU6ZQjTFm7B66UcVbh9NQB+HvT5BAd2t5+yKsBkw5pcqA=="
    },
    "inherits": {
      "version": "2.0.4",
      "resolved": "https://registry.npmjs.org/inherits/-/inherits-2.0.4.tgz",
      "integrity": "sha512-k/vGaX4/Yla3WzyMCvTQOXYeIHvqOKtnqBduzTHpzpQZzAskKMhZ2K+EnBiSM9zGSoIFeMpXKxa4dYeZIQqewQ=="
    },
    "ipaddr.js": {
      "version": "1.9.1",
      "resolved": "https://registry.npmjs.org/ipaddr.js/-/ipaddr.js-1.9.1.tgz",
      "integrity": "sha512-0KI/607xoxSToH7GjN1FfSbLoU0+btTicjsQSWQlh/hZykN8KpmMf7uYwPW3R+akZ6R/w18ZlXSHBYXiYUPO3g=="
    },
    "json-schema-traverse": {
      "version": "0.4.1",
      "resolved": "https://registry.npmjs.org/json-schema-traverse/-/json-schema-traverse-0.4.1.tgz",
      "integrity": "sha512-xbbCH5dCYU5T8LcEhhuh7HJ88HXuW3qsI3Y0zOZFKfZEHcpWiHU/Jxzk629Brsab/mMiHQti9wMP+845RPe3Vg=="
    },
    "light-my-request": {
      "version": "4.7.0",
      "resolved": "https://registry.npmjs.org/light-my-request/-/light-my-request-4.7.0.tgz",
      "integrity": "sha512-LTa8YZp3K2AUpqUnwwKajoIHcsKOBnzwJNQSrk7unziPwo6CjOYjyO0F9wfkxFvP+nBsCGe3eMPnedVgIIgdAw==",
      "requires": {
        "ajv": "^8.1.0",
        "cookie": "^0.4.0",
        "fastify-warning": "^0.2.0",
        "set-cookie-parser": "^2.4.1"
      },
      "dependencies": {
        "ajv": {
          "version": "8.8.2",
          "resolved": "https://registry.npmjs.org/ajv/-/ajv-8.8.2.tgz",
          "integrity": "sha512-x9VuX+R/jcFj1DHo/fCp99esgGDWiHENrKxaCENuCxpoMCmAt/COCGVDwA7kleEpEzJjDnvh3yGoOuLu0Dtllw==",
          "requires": {
            "fast-deep-equal": "^3.1.1",
            "json-schema-traverse": "^1.0.0",
            "require-from-string": "^2.0.2",
            "uri-js": "^4.2.2"
          }
        },
        "json-schema-traverse": {
          "version": "1.0.0",
          "resolved": "https://registry.npmjs.org/json-schema-traverse/-/json-schema-traverse-1.0.0.tgz",
          "integrity": "sha512-NM8/P9n3XjXhIZn1lLhkFaACTOURQXjWhV4BA/RnOv8xvgqtqpAX9IO4mRQxSx1Rlo4tqzeqb0sOlruaOy3dug=="
        }
      }
    },
    "lodash": {
      "version": "4.17.21",
      "resolved": "https://registry.npmjs.org/lodash/-/lodash-4.17.21.tgz",
      "integrity": "sha512-v2kDEe57lecTulaDIuNTPy3Ry4gLGJ6Z1O3vE1krgXZNrsQ+LFTGHVxVjcXPs17LhbZVGedAJv8XZ1tvj5FvSg=="
    },
    "lru-cache": {
      "version": "6.0.0",
      "resolved": "https://registry.npmjs.org/lru-cache/-/lru-cache-6.0.0.tgz",
      "integrity": "sha512-Jo6dJ04CmSjuznwJSS3pUeWmd/H0ffTlkXXgwZi+eq1UCmqQwCh+eLsYOYCwY991i2Fah4h1BEMCx4qThGbsiA==",
      "requires": {
        "yallist": "^4.0.0"
      }
    },
    "moment": {
      "version": "2.29.1",
      "resolved": "https://registry.npmjs.org/moment/-/moment-2.29.1.tgz",
      "integrity": "sha512-kHmoybcPV8Sqy59DwNDY3Jefr64lK/by/da0ViFcuA4DH0vQg5Q6Ze5VimxkfQNSC+Mls/Kx53s7TjP1RhFEDQ=="
    },
    "moment-timezone": {
      "version": "0.5.34",
      "resolved": "https://registry.npmjs.org/moment-timezone/-/moment-timezone-0.5.34.tgz",
      "integrity": "sha512-3zAEHh2hKUs3EXLESx/wsgw6IQdusOT8Bxm3D9UrHPQR7zlMmzwybC8zHEM1tQ4LJwP7fcxrWr8tuBg05fFCbg==",
      "requires": {
        "moment": ">= 2.9.0"
      }
    },
    "ms": {
      "version": "2.1.2",
      "resolved": "https://registry.npmjs.org/ms/-/ms-2.1.2.tgz",
      "integrity": "sha512-sGkPx+VjMtmA6MX27oA4FBFELFCZZ4S4XqeGOXCv68tT+jb3vk/RyaKWP0PTKyWtmLSM0b+adUTEvbs1PEaH2w=="
    },
    "packet-reader": {
      "version": "1.0.0",
      "resolved": "https://registry.npmjs.org/packet-reader/-/packet-reader-1.0.0.tgz",
      "integrity": "sha512-HAKu/fG3HpHFO0AA8WE8q2g+gBJaZ9MG7fcKk+IJPLTGAD6Psw4443l+9DGRbOIh3/aXr7Phy0TjilYivJo5XQ=="
    },
    "pg": {
      "version": "8.7.1",
      "resolved": "https://registry.npmjs.org/pg/-/pg-8.7.1.tgz",
      "integrity": "sha512-7bdYcv7V6U3KAtWjpQJJBww0UEsWuh4yQ/EjNf2HeO/NnvKjpvhEIe/A/TleP6wtmSKnUnghs5A9jUoK6iDdkA==",
      "requires": {
        "buffer-writer": "2.0.0",
        "packet-reader": "1.0.0",
        "pg-connection-string": "^2.5.0",
        "pg-pool": "^3.4.1",
        "pg-protocol": "^1.5.0",
        "pg-types": "^2.1.0",
        "pgpass": "1.x"
      }
    },
    "pg-connection-string": {
      "version": "2.5.0",
      "resolved": "https://registry.npmjs.org/pg-connection-string/-/pg-connection-string-2.5.0.tgz",
      "integrity": "sha512-r5o/V/ORTA6TmUnyWZR9nCj1klXCO2CEKNRlVuJptZe85QuhFayC7WeMic7ndayT5IRIR0S0xFxFi2ousartlQ=="
    },
    "pg-hstore": {
      "version": "2.3.4",
      "resolved": "https://registry.npmjs.org/pg-hstore/-/pg-hstore-2.3.4.tgz",
      "integrity": "sha512-N3SGs/Rf+xA1M2/n0JBiXFDVMzdekwLZLAO0g7mpDY9ouX+fDI7jS6kTq3JujmYbtNSJ53TJ0q4G98KVZSM4EA==",
      "requires": {
        "underscore": "^1.13.1"
      }
    },
    "pg-int8": {
      "version": "1.0.1",
      "resolved": "https://registry.npmjs.org/pg-int8/-/pg-int8-1.0.1.tgz",
      "integrity": "sha512-WCtabS6t3c8SkpDBUlb1kjOs7l66xsGdKpIPZsg4wR+B3+u9UAum2odSsF9tnvxg80h4ZxLWMy4pRjOsFIqQpw=="
    },
    "pg-pool": {
      "version": "3.4.1",
      "resolved": "https://registry.npmjs.org/pg-pool/-/pg-pool-3.4.1.tgz",
      "integrity": "sha512-TVHxR/gf3MeJRvchgNHxsYsTCHQ+4wm3VIHSS19z8NC0+gioEhq1okDY1sm/TYbfoP6JLFx01s0ShvZ3puP/iQ=="
    },
    "pg-protocol": {
      "version": "1.5.0",
      "resolved": "https://registry.npmjs.org/pg-protocol/-/pg-protocol-1.5.0.tgz",
      "integrity": "sha512-muRttij7H8TqRNu/DxrAJQITO4Ac7RmX3Klyr/9mJEOBeIpgnF8f9jAfRz5d3XwQZl5qBjF9gLsUtMPJE0vezQ=="
    },
    "pg-types": {
      "version": "2.2.0",
      "resolved": "https://registry.npmjs.org/pg-types/-/pg-types-2.2.0.tgz",
      "integrity": "sha512-qTAAlrEsl8s4OiEQY69wDvcMIdQN6wdz5ojQiOy6YRMuynxenON0O5oCpJI6lshc6scgAY8qvJ2On/p+CXY0GA==",
      "requires": {
        "pg-int8": "1.0.1",
        "postgres-array": "~2.0.0",
        "postgres-bytea": "~1.0.0",
        "postgres-date": "~1.0.4",
        "postgres-interval": "^1.1.0"
      }
    },
    "pgpass": {
      "version": "1.0.4",
      "resolved": "https://registry.npmjs.org/pgpass/-/pgpass-1.0.4.tgz",
      "integrity": "sha512-YmuA56alyBq7M59vxVBfPJrGSozru8QAdoNlWuW3cz8l+UX3cWge0vTvjKhsSHSJpo3Bom8/Mm6hf0TR5GY0+w==",
      "requires": {
        "split2": "^3.1.1"
      }
    },
    "pino": {
      "version": "6.13.3",
      "resolved": "https://registry.npmjs.org/pino/-/pino-6.13.3.tgz",
      "integrity": "sha512-tJy6qVgkh9MwNgqX1/oYi3ehfl2Y9H0uHyEEMsBe74KinESIjdMrMQDWpcZPpPicg3VV35d/GLQZmo4QgU2Xkg==",
      "requires": {
        "fast-redact": "^3.0.0",
        "fast-safe-stringify": "^2.0.8",
        "fastify-warning": "^0.2.0",
        "flatstr": "^1.0.12",
        "pino-std-serializers": "^3.1.0",
        "quick-format-unescaped": "^4.0.3",
        "sonic-boom": "^1.0.2"
      }
    },
    "pino-std-serializers": {
      "version": "3.2.0",
      "resolved": "https://registry.npmjs.org/pino-std-serializers/-/pino-std-serializers-3.2.0.tgz",
      "integrity": "sha512-EqX4pwDPrt3MuOAAUBMU0Tk5kR/YcCM5fNPEzgCO2zJ5HfX0vbiH9HbJglnyeQsN96Kznae6MWD47pZB5avTrg=="
    },
    "postgres-array": {
      "version": "2.0.0",
      "resolved": "https://registry.npmjs.org/postgres-array/-/postgres-array-2.0.0.tgz",
      "integrity": "sha512-VpZrUqU5A69eQyW2c5CA1jtLecCsN2U/bD6VilrFDWq5+5UIEVO7nazS3TEcHf1zuPYO/sqGvUvW62g86RXZuA=="
    },
    "postgres-bytea": {
      "version": "1.0.0",
      "resolved": "https://registry.npmjs.org/postgres-bytea/-/postgres-bytea-1.0.0.tgz",
      "integrity": "sha1-AntTPAqokOJtFy1Hz5zOzFIazTU="
    },
    "postgres-date": {
      "version": "1.0.7",
      "resolved": "https://registry.npmjs.org/postgres-date/-/postgres-date-1.0.7.tgz",
      "integrity": "sha512-suDmjLVQg78nMK2UZ454hAG+OAW+HQPZ6n++TNDUX+L0+uUlLywnoxJKDou51Zm+zTCjrCl0Nq6J9C5hP9vK/Q=="
    },
    "postgres-interval": {
      "version": "1.2.0",
      "resolved": "https://registry.npmjs.org/postgres-interval/-/postgres-interval-1.2.0.tgz",
      "integrity": "sha512-9ZhXKM/rw350N1ovuWHbGxnGh/SNJ4cnxHiM0rxE4VN41wsg8P8zWn9hv/buK00RP4WvlOyr/RBDiptyxVbkZQ==",
      "requires": {
        "xtend": "^4.0.0"
      }
    },
    "proxy-addr": {
      "version": "2.0.7",
      "resolved": "https://registry.npmjs.org/proxy-addr/-/proxy-addr-2.0.7.tgz",
      "integrity": "sha512-llQsMLSUDUPT44jdrU/O37qlnifitDP+ZwrmmZcoSKyLKvtZxpyV0n2/bD/N4tBAAZ/gJEdZU7KMraoK1+XYAg==",
      "requires": {
        "forwarded": "0.2.0",
        "ipaddr.js": "1.9.1"
      }
    },
    "punycode": {
      "version": "2.1.1",
      "resolved": "https://registry.npmjs.org/punycode/-/punycode-2.1.1.tgz",
      "integrity": "sha512-XRsRjdf+j5ml+y/6GKHPZbrF/8p2Yga0JPtdqTIY2Xe5ohJPD9saDJJLPvp9+NSBprVvevdXZybnj2cv8OEd0A=="
    },
    "queue-microtask": {
      "version": "1.2.3",
      "resolved": "https://registry.npmjs.org/queue-microtask/-/queue-microtask-1.2.3.tgz",
      "integrity": "sha512-NuaNSa6flKT5JaSYQzJok04JzTL1CA6aGhv5rfLW3PgqA+M2ChpZQnAC8h8i4ZFkBS8X5RqkDBHA7r4hej3K9A=="
    },
    "quick-format-unescaped": {
      "version": "4.0.4",
      "resolved": "https://registry.npmjs.org/quick-format-unescaped/-/quick-format-unescaped-4.0.4.tgz",
      "integrity": "sha512-tYC1Q1hgyRuHgloV/YXs2w15unPVh8qfu/qCTfhTYamaw7fyhumKa2yGpdSo87vY32rIclj+4fWYQXUMs9EHvg=="
    },
    "readable-stream": {
      "version": "3.6.0",
      "resolved": "https://registry.npmjs.org/readable-stream/-/readable-stream-3.6.0.tgz",
      "integrity": "sha512-BViHy7LKeTz4oNnkcLJ+lVSL6vpiFeX6/d3oSH8zCW7UxP2onchk+vTGB143xuFjHS3deTgkKoXXymXqymiIdA==",
      "requires": {
        "inherits": "^2.0.3",
        "string_decoder": "^1.1.1",
        "util-deprecate": "^1.0.1"
      }
    },
    "require-from-string": {
      "version": "2.0.2",
      "resolved": "https://registry.npmjs.org/require-from-string/-/require-from-string-2.0.2.tgz",
      "integrity": "sha512-Xf0nWe6RseziFMu+Ap9biiUbmplq6S9/p+7w7YXP/JBHhrUDDUhwa+vANyubuqfZWTveU//DYVGsDG7RKL/vEw=="
    },
    "ret": {
      "version": "0.2.2",
      "resolved": "https://registry.npmjs.org/ret/-/ret-0.2.2.tgz",
      "integrity": "sha512-M0b3YWQs7R3Z917WRQy1HHA7Ba7D8hvZg6UE5mLykJxQVE2ju0IXbGlaHPPlkY+WN7wFP+wUMXmBFA0aV6vYGQ=="
    },
    "retry-as-promised": {
      "version": "3.2.0",
      "resolved": "https://registry.npmjs.org/retry-as-promised/-/retry-as-promised-3.2.0.tgz",
      "integrity": "sha512-CybGs60B7oYU/qSQ6kuaFmRd9sTZ6oXSc0toqePvV74Ac6/IFZSI1ReFQmtCN+uvW1Mtqdwpvt/LGOiCBAY2Mg==",
      "requires": {
        "any-promise": "^1.3.0"
      }
    },
    "reusify": {
      "version": "1.0.4",
      "resolved": "https://registry.npmjs.org/reusify/-/reusify-1.0.4.tgz",
      "integrity": "sha512-U9nH88a3fc/ekCF1l0/UP1IosiuIjyTh7hBvXVMHYgVcfGvt897Xguj2UOLDeI5BG2m7/uwyaLVT6fbtCwTyzw=="
    },
    "rfdc": {
      "version": "1.3.0",
      "resolved": "https://registry.npmjs.org/rfdc/-/rfdc-1.3.0.tgz",
      "integrity": "sha512-V2hovdzFbOi77/WajaSMXk2OLm+xNIeQdMMuB7icj7bk6zi2F8GGAxigcnDFpJHbNyNcgyJDiP+8nOrY5cZGrA=="
    },
    "safe-buffer": {
      "version": "5.2.1",
      "resolved": "https://registry.npmjs.org/safe-buffer/-/safe-buffer-5.2.1.tgz",
      "integrity": "sha512-rp3So07KcdmmKbGvgaNxQSJr7bGVSVk5S9Eq1F+ppbRo70+YeaDxkw5Dd8NPN+GD6bjnYm2VuPuCXmpuYvmCXQ=="
    },
    "safe-regex2": {
      "version": "2.0.0",
      "resolved": "https://registry.npmjs.org/safe-regex2/-/safe-regex2-2.0.0.tgz",
      "integrity": "sha512-PaUSFsUaNNuKwkBijoAPHAK6/eM6VirvyPWlZ7BAQy4D+hCvh4B6lIG+nPdhbFfIbP+gTGBcrdsOaUs0F+ZBOQ==",
      "requires": {
        "ret": "~0.2.0"
      }
    },
    "secure-json-parse": {
      "version": "2.4.0",
      "resolved": "https://registry.npmjs.org/secure-json-parse/-/secure-json-parse-2.4.0.tgz",
      "integrity": "sha512-Q5Z/97nbON5t/L/sH6mY2EacfjVGwrCcSi5D3btRO2GZ8pf1K1UN7Z9H5J57hjVU2Qzxr1xO+FmBhOvEkzCMmg=="
    },
    "semver": {
      "version": "7.3.5",
      "resolved": "https://registry.npmjs.org/semver/-/semver-7.3.5.tgz",
      "integrity": "sha512-PoeGJYh8HK4BTO/a9Tf6ZG3veo/A7ZVsYrSA6J8ny9nb3B1VrpkuN+z9OE5wfE5p6H4LchYZsegiQgbJD94ZFQ==",
      "requires": {
        "lru-cache": "^6.0.0"
      }
    },
    "semver-store": {
      "version": "0.3.0",
      "resolved": "https://registry.npmjs.org/semver-store/-/semver-store-0.3.0.tgz",
      "integrity": "sha512-TcZvGMMy9vodEFSse30lWinkj+JgOBvPn8wRItpQRSayhc+4ssDs335uklkfvQQJgL/WvmHLVj4Ycv2s7QCQMg=="
    },
    "sequelize": {
      "version": "6.12.0-alpha.1",
      "resolved": "https://registry.npmjs.org/sequelize/-/sequelize-6.12.0-alpha.1.tgz",
      "integrity": "sha512-MrjM8GJtUKhuc3ZkGbhlSr1DQdce3oRAI4STwgurfO0utBcdQE0kC1O3hp752XRFwzM+brH9Oy/dbVkupIZ4BQ==",
      "requires": {
        "@types/debug": "^4.1.7",
        "debug": "^4.1.1",
        "dottie": "^2.0.0",
        "inflection": "1.13.1",
        "lodash": "^4.17.20",
        "moment": "^2.26.0",
        "moment-timezone": "^0.5.31",
        "pg-connection-string": "^2.5.0",
        "retry-as-promised": "^3.2.0",
        "semver": "^7.3.2",
        "sequelize-pool": "^6.0.0",
        "toposort-class": "^1.0.1",
        "uuid": "^8.1.0",
        "validator": "^13.7.0",
        "wkx": "^0.5.0"
      }
    },
    "sequelize-pool": {
      "version": "6.1.0",
      "resolved": "https://registry.npmjs.org/sequelize-pool/-/sequelize-pool-6.1.0.tgz",
      "integrity": "sha512-4YwEw3ZgK/tY/so+GfnSgXkdwIJJ1I32uZJztIEgZeAO6HMgj64OzySbWLgxj+tXhZCJnzRfkY9gINw8Ft8ZMg=="
    },
    "set-cookie-parser": {
      "version": "2.4.8",
      "resolved": "https://registry.npmjs.org/set-cookie-parser/-/set-cookie-parser-2.4.8.tgz",
      "integrity": "sha512-edRH8mBKEWNVIVMKejNnuJxleqYE/ZSdcT8/Nem9/mmosx12pctd80s2Oy00KNZzrogMZS5mauK2/ymL1bvlvg=="
    },
    "sonic-boom": {
      "version": "1.4.1",
      "resolved": "https://registry.npmjs.org/sonic-boom/-/sonic-boom-1.4.1.tgz",
      "integrity": "sha512-LRHh/A8tpW7ru89lrlkU4AszXt1dbwSjVWguGrmlxE7tawVmDBlI1PILMkXAxJTwqhgsEeTHzj36D5CmHgQmNg==",
      "requires": {
        "atomic-sleep": "^1.0.0",
        "flatstr": "^1.0.12"
      }
    },
    "split2": {
      "version": "3.2.2",
      "resolved": "https://registry.npmjs.org/split2/-/split2-3.2.2.tgz",
      "integrity": "sha512-9NThjpgZnifTkJpzTZ7Eue85S49QwpNhZTq6GRJwObb6jnLFNGB7Qm73V5HewTROPyxD0C29xqmaI68bQtV+hg==",
      "requires": {
        "readable-stream": "^3.0.0"
      }
    },
    "string-similarity": {
      "version": "4.0.4",
      "resolved": "https://registry.npmjs.org/string-similarity/-/string-similarity-4.0.4.tgz",
      "integrity": "sha512-/q/8Q4Bl4ZKAPjj8WerIBJWALKkaPRfrvhfF8k/B23i4nzrlRj2/go1m90In7nG/3XDSbOo0+pu6RvCTM9RGMQ=="
    },
    "string_decoder": {
      "version": "1.3.0",
      "resolved": "https://registry.npmjs.org/string_decoder/-/string_decoder-1.3.0.tgz",
      "integrity": "sha512-hkRX8U1WjJFd8LsDJ2yQ/wWWxaopEsABU1XfkM8A+j0+85JAGppt16cr1Whg6KIbb4okU6Mql6BOj+uup/wKeA==",
      "requires": {
        "safe-buffer": "~5.2.0"
      }
    },
    "tiny-lru": {
      "version": "7.0.6",
      "resolved": "https://registry.npmjs.org/tiny-lru/-/tiny-lru-7.0.6.tgz",
      "integrity": "sha512-zNYO0Kvgn5rXzWpL0y3RS09sMK67eGaQj9805jlK9G6pSadfriTczzLHFXa/xcW4mIRfmlB9HyQ/+SgL0V1uow=="
    },
    "toposort-class": {
      "version": "1.0.1",
      "resolved": "https://registry.npmjs.org/toposort-class/-/toposort-class-1.0.1.tgz",
      "integrity": "sha1-f/0feMi+KMO6Rc1OGj9e4ZO9mYg="
    },
    "typescript": {
      "version": "4.5.2",
      "resolved": "https://registry.npmjs.org/typescript/-/typescript-4.5.2.tgz",
      "integrity": "sha512-5BlMof9H1yGt0P8/WF+wPNw6GfctgGjXp5hkblpyT+8rkASSmkUKMXrxR0Xg8ThVCi/JnHQiKXeBaEwCeQwMFw==",
      "dev": true
    },
    "underscore": {
      "version": "1.13.1",
      "resolved": "https://registry.npmjs.org/underscore/-/underscore-1.13.1.tgz",
      "integrity": "sha512-hzSoAVtJF+3ZtiFX0VgfFPHEDRm7Y/QPjGyNo4TVdnDTdft3tr8hEkD25a1jC+TjTuE7tkHGKkhwCgs9dgBB2g=="
    },
    "uri-js": {
      "version": "4.4.1",
      "resolved": "https://registry.npmjs.org/uri-js/-/uri-js-4.4.1.tgz",
      "integrity": "sha512-7rKUyy33Q1yc98pQ1DAmLtwX109F7TIfWlW1Ydo8Wl1ii1SeHieeh0HHfPeL2fMXK6z0s8ecKs9frCuLJvndBg==",
      "requires": {
        "punycode": "^2.1.0"
      }
    },
    "util-deprecate": {
      "version": "1.0.2",
      "resolved": "https://registry.npmjs.org/util-deprecate/-/util-deprecate-1.0.2.tgz",
      "integrity": "sha1-RQ1Nyfpw3nMnYvvS1KKJgUGaDM8="
    },
    "uuid": {
      "version": "8.3.2",
      "resolved": "https://registry.npmjs.org/uuid/-/uuid-8.3.2.tgz",
      "integrity": "sha512-+NYs2QeMWy+GWFOEm9xnn6HCDp0l7QBD7ml8zLUmJ+93Q5NF0NocErnwkTkXVFNiX3/fpC6afS8Dhb/gz7R7eg=="
    },
    "validator": {
      "version": "13.7.0",
      "resolved": "https://registry.npmjs.org/validator/-/validator-13.7.0.tgz",
      "integrity": "sha512-nYXQLCBkpJ8X6ltALua9dRrZDHVYxjJ1wgskNt1lH9fzGjs3tgojGSCBjmEPwkWS1y29+DrizMTW19Pr9uB2nw=="
    },
    "wkx": {
      "version": "0.5.0",
      "resolved": "https://registry.npmjs.org/wkx/-/wkx-0.5.0.tgz",
      "integrity": "sha512-Xng/d4Ichh8uN4l0FToV/258EjMGU9MGcA0HV2d9B/ZpZB3lqQm7nkOdZdm5GhKtLLhAE7PiVQwN4eN+2YJJUg==",
      "requires": {
        "@types/node": "*"
      }
    },
    "xtend": {
      "version": "4.0.2",
      "resolved": "https://registry.npmjs.org/xtend/-/xtend-4.0.2.tgz",
      "integrity": "sha512-LKYU1iAXJXUgAXn9URjiu+MWhyUXHsvfp7mcuYm9dSUKK0/CjtrUwFAxD82/mCWbtLsGjFIad0wIsod4zrTAEQ=="
    },
    "yallist": {
      "version": "4.0.0",
      "resolved": "https://registry.npmjs.org/yallist/-/yallist-4.0.0.tgz",
      "integrity": "sha512-3wdGidZyq5PB084XLES5TpOSRA3wjXAlIWMhum2kRcv/41Sn2emQ0dycQW4uZXLejwKvg6EsvbdlVL+FYEct7A=="
    }
  }
}
